
Microsoft Visual Studio Solution File, Format Version 12.00
# Visual Studio Version 17
VisualStudioVersion = 17.7.34024.191
MinimumVisualStudioVersion = 10.0.40219.1
Project("{9A19103F-16F7-4668-BE54-9A1E7A4F7556}") = "WebPage", "WebPage\WebPage.csproj", "{43B973B9-2EC3-4AC3-8977-DFBDF4E20A05}"
EndProject
Project("{FAE04EC0-301F-11D3-BF4B-00C04F79EFBC}") = "SistemaInventario.AccessoDatos", "SistemaInventario.AccessoDatos\SistemaInventario.AccessoDatos.csproj", "{4921DDE8-38F6-448F-B3C1-976B9C013108}"
EndProject
Project("{FAE04EC0-301F-11D3-BF4B-00C04F79EFBC}") = "SistemaInventario.Modelos", "SistemaInventario.Modelos\SistemaInventario.Modelos.csproj", "{39DC04E0-FF3C-4CC1-8A8B-026975A9B5D9}"
EndProject
Project("{FAE04EC0-301F-11D3-BF4B-00C04F79EFBC}") = "SistemaInventario.Utilidades", "SistemaInventario.Utilidades\SistemaInventario.Utilidades.csproj", "{030F1120-9223-4E95-9265-602F4052D5A7}"
EndProject
Global
	GlobalSection(SolutionConfigurationPlatforms) = preSolution
		Debug|Any CPU = Debug|Any CPU
		Release|Any CPU = Release|Any CPU
	EndGlobalSection
	GlobalSection(ProjectConfigurationPlatforms) = postSolution
		{43B973B9-2EC3-4AC3-8977-DFBDF4E20A05}.Debug|Any CPU.ActiveCfg = Debug|Any CPU
		{43B973B9-2EC3-4AC3-8977-DFBDF4E20A05}.Debug|Any CPU.Build.0 = Debug|Any CPU
		{43B973B9-2EC3-4AC3-8977-DFBDF4E20A05}.Release|Any CPU.ActiveCfg = Release|Any CPU
		{43B973B9-2EC3-4AC3-8977-DFBDF4E20A05}.Release|Any CPU.Build.0 = Release|Any CPU
		{4921DDE8-38F6-448F-B3C1-976B9C013108}.Debug|Any CPU.ActiveCfg = Debug|Any CPU
		{4921DDE8-38F6-448F-B3C1-976B9C013108}.Debug|Any CPU.Build.0 = Debug|Any CPU
		{4921DDE8-38F6-448F-B3C1-976B9C013108}.Release|Any CPU.ActiveCfg = Release|Any CPU
		{4921DDE8-38F6-448F-B3C1-976B9C013108}.Release|Any CPU.Build.0 = Release|Any CPU
		{39DC04E0-FF3C-4CC1-8A8B-026975A9B5D9}.Debug|Any CPU.ActiveCfg = Debug|Any CPU
		{39DC04E0-FF3C-4CC1-8A8B-026975A9B5D9}.Debug|Any CPU.Build.0 = Debug|Any CPU
		{39DC04E0-FF3C-4CC1-8A8B-026975A9B5D9}.Release|Any CPU.ActiveCfg = Release|Any CPU
		{39DC04E0-FF3C-4CC1-8A8B-026975A9B5D9}.Release|Any CPU.Build.0 = Release|Any CPU
		{030F1120-9223-4E95-9265-602F4052D5A7}.Debug|Any CPU.ActiveCfg = Debug|Any CPU
		{030F1120-9223-4E95-9265-602F4052D5A7}.Debug|Any CPU.Build.0 = Debug|Any CPU
		{030F1120-9223-4E95-9265-602F4052D5A7}.Release|Any CPU.ActiveCfg = Release|Any CPU
		{030F1120-9223-4E95-9265-602F4052D5A7}.Release|Any CPU.Build.0 = Release|Any CPU
	EndGlobalSection
	GlobalSection(SolutionProperties) = preSolution
		HideSolutionNode = FALSE
	EndGlobalSection
	GlobalSection(ExtensibilityGlobals) = postSolution
		SolutionGuid = {C9CD882C-C54F-4652-887A-32E9EACEB4BA}
	EndGlobalSection
EndGlobal
